<?xml version="1.0" encoding="utf-8"?>
<Project ToolsVersion="4.0" xmlns="http://schemas.microsoft.com/developer/msbuild/2003">
  <ItemGroup>
    <ClCompile Include="src\main.cpp">
      <Filter>src</Filter>
    </ClCompile>
    <ClCompile Include="src\prjApp.cpp">
      <Filter>src</Filter>
    </ClCompile>
    <ClCompile Include="src\parameterHolder.cpp">
      <Filter>src</Filter>
    </ClCompile>
    <ClCompile Include="src\parameterData.cpp">
      <Filter>src</Filter>
    </ClCompile>
    <ClCompile Include="src\positionHolder.cpp">
      <Filter>src</Filter>
    </ClCompile>
    <ClCompile Include="src\TransformUtility.cpp">
      <Filter>src</Filter>
    </ClCompile>
  </ItemGroup>
  <ItemGroup>
    <Filter Include="src">
      <UniqueIdentifier>{d8376475-7454-4a24-b08a-aac121d3ad6f}</UniqueIdentifier>
    </Filter>
  </ItemGroup>
  <ItemGroup>
    <ClInclude Include="src\prjApp.h">
      <Filter>src</Filter>
    </ClInclude>
    <ClInclude Include="src\parameterHolder.h">
      <Filter>src</Filter>
    </ClInclude>
    <ClInclude Include="src\parameterData.h">
      <Filter>src</Filter>
    </ClInclude>
    <ClInclude Include="src\positionHolder.h">
      <Filter>src</Filter>
    </ClInclude>
    <ClInclude Include="src\TransformUtility.h">
      <Filter>src</Filter>
    </ClInclude>
  </ItemGroup>
</Project>